
Microsoft Visual Studio Solution File, Format Version 12.00
Project("{FAE04EC0-301F-11D3-BF4B-00C04F79EFBC}") = "Rust2SharpTranslator", "Rust2SharpTranslator.csproj", "{FE516275-57A0-4FA8-B235-B5812335B084}"
EndProject
Global
	GlobalSection(SolutionConfigurationPlatforms) = preSolution
		Debug|Any CPU = Debug|Any CPU
		Release|Any CPU = Release|Any CPU
	EndGlobalSection
	GlobalSection(ProjectConfigurationPlatforms) = postSolution
		{FE516275-57A0-4FA8-B235-B5812335B084}.Debug|Any CPU.ActiveCfg = Debug|Any CPU
		{FE516275-57A0-4FA8-B235-B5812335B084}.Debug|Any CPU.Build.0 = Debug|Any CPU
		{FE516275-57A0-4FA8-B235-B5812335B084}.Release|Any CPU.ActiveCfg = Release|Any CPU
		{FE516275-57A0-4FA8-B235-B5812335B084}.Release|Any CPU.Build.0 = Release|Any CPU
	EndGlobalSection
EndGlobal
